
Microsoft Visual Studio Solution File, Format Version 12.00
Project("{FAE04EC0-301F-11D3-BF4B-00C04F79EFBC}") = "LinqToLookupToDict-ForEach-For", "LinqToLookupToDict-ForEach-For\LinqToLookupToDict-ForEach-For.csproj", "{59A53C49-A329-4DDF-A376-2F27707E96AD}"
EndProject
Global
	GlobalSection(SolutionConfigurationPlatforms) = preSolution
		Debug|Any CPU = Debug|Any CPU
		Release|Any CPU = Release|Any CPU
	EndGlobalSection
	GlobalSection(ProjectConfigurationPlatforms) = postSolution
		{59A53C49-A329-4DDF-A376-2F27707E96AD}.Debug|Any CPU.ActiveCfg = Debug|Any CPU
		{59A53C49-A329-4DDF-A376-2F27707E96AD}.Debug|Any CPU.Build.0 = Debug|Any CPU
		{59A53C49-A329-4DDF-A376-2F27707E96AD}.Release|Any CPU.ActiveCfg = Release|Any CPU
		{59A53C49-A329-4DDF-A376-2F27707E96AD}.Release|Any CPU.Build.0 = Release|Any CPU
	EndGlobalSection
EndGlobal
